// !$*UTF8*$!
{
	archiveVersion = 1;
	classes = {
	};
	objectVersion = 51;
	objects = {

/* Begin PBXBuildFile section */
		460EABF32583FCCA00D56D9D /* NewFavouriteController.swift in Sources */ = {isa = PBXBuildFile; fileRef = 460EABF22583FCCA00D56D9D /* NewFavouriteController.swift */; };
		4617FC5926B04ED000BDE21F /* HistoryViewCell.xib in Resources */ = {isa = PBXBuildFile; fileRef = 4617FC5826B04ED000BDE21F /* HistoryViewCell.xib */; };
		4617FC5C26B04FEB00BDE21F /* HistoryCell.swift in Sources */ = {isa = PBXBuildFile; fileRef = 4617FC5B26B04FEB00BDE21F /* HistoryCell.swift */; };
		4617FC5E26B056F300BDE21F /* Localizable.swift in Sources */ = {isa = PBXBuildFile; fileRef = 4617FC5D26B056F300BDE21F /* Localizable.swift */; };
		461E742325656AB1007240B4 /* AppDelegate.swift in Sources */ = {isa = PBXBuildFile; fileRef = 461E742225656AB1007240B4 /* AppDelegate.swift */; };
		461E742525656AB1007240B4 /* SceneDelegate.swift in Sources */ = {isa = PBXBuildFile; fileRef = 461E742425656AB1007240B4 /* SceneDelegate.swift */; };
		461E742725656AB1007240B4 /* ViewController.swift in Sources */ = {isa = PBXBuildFile; fileRef = 461E742625656AB1007240B4 /* ViewController.swift */; };
		461E742A25656AB1007240B4 /* Main.storyboard in Resources */ = {isa = PBXBuildFile; fileRef = 461E742825656AB1007240B4 /* Main.storyboard */; };
		461E742D25656AB1007240B4 /* Rutio.xcdatamodeld in Sources */ = {isa = PBXBuildFile; fileRef = 461E742B25656AB1007240B4 /* Rutio.xcdatamodeld */; };
		461E742F25656AB5007240B4 /* Assets.xcassets in Resources */ = {isa = PBXBuildFile; fileRef = 461E742E25656AB5007240B4 /* Assets.xcassets */; };
		461E743225656AB5007240B4 /* LaunchScreen.storyboard in Resources */ = {isa = PBXBuildFile; fileRef = 461E743025656AB5007240B4 /* LaunchScreen.storyboard */; };
		461E745A2565AE42007240B4 /* PlanningTrasController.swift in Sources */ = {isa = PBXBuildFile; fileRef = 461E74592565AE42007240B4 /* PlanningTrasController.swift */; };
		461E74622565AE70007240B4 /* MapController.swift in Sources */ = {isa = PBXBuildFile; fileRef = 461E74612565AE70007240B4 /* MapController.swift */; };
		461E74672565AEB4007240B4 /* FavouriteController.swift in Sources */ = {isa = PBXBuildFile; fileRef = 461E74662565AEB4007240B4 /* FavouriteController.swift */; };
		461E746F2565AEEE007240B4 /* InfoController.swift in Sources */ = {isa = PBXBuildFile; fileRef = 461E746E2565AEEE007240B4 /* InfoController.swift */; };
		4625D201260B5A470048ED99 /* Stop2TableViewController.swift in Sources */ = {isa = PBXBuildFile; fileRef = 4625D200260B5A470048ED99 /* Stop2TableViewController.swift */; };
		4625D21E260E1CC90048ED99 /* SearchedMapPointViewController.swift in Sources */ = {isa = PBXBuildFile; fileRef = 4625D21D260E1CC80048ED99 /* SearchedMapPointViewController.swift */; };
		4625D23E261710DB0048ED99 /* SearchTableViewCell.swift in Sources */ = {isa = PBXBuildFile; fileRef = 4625D23D261710DB0048ED99 /* SearchTableViewCell.swift */; };
		4625D25C2618F7D40048ED99 /* AnnotationView.swift in Sources */ = {isa = PBXBuildFile; fileRef = 4625D25B2618F7D30048ED99 /* AnnotationView.swift */; };
		4625D2612618F7EE0048ED99 /* ClusterAnnotationView.swift in Sources */ = {isa = PBXBuildFile; fileRef = 4625D2602618F7EE0048ED99 /* ClusterAnnotationView.swift */; };
		4625D266261900630048ED99 /* FavouriteTableViewCell.swift in Sources */ = {isa = PBXBuildFile; fileRef = 4625D265261900630048ED99 /* FavouriteTableViewCell.swift */; };
		463682DA2609118D00DF6373 /* Localize.strings in Resources */ = {isa = PBXBuildFile; fileRef = 463682DC2609118D00DF6373 /* Localize.strings */; };
		46388A442697039800CA32A4 /* SearchTableViewCellDetail.xib in Resources */ = {isa = PBXBuildFile; fileRef = 46388A432697039800CA32A4 /* SearchTableViewCellDetail.xib */; };
		46544C19259F8C8900F1AA19 /* DetailFavouriteController.swift in Sources */ = {isa = PBXBuildFile; fileRef = 46544C18259F8C8900F1AA19 /* DetailFavouriteController.swift */; };
		4661560D25CAFC430047E232 /* HistoryManagerDelegate.swift in Sources */ = {isa = PBXBuildFile; fileRef = 4661560C25CAFC430047E232 /* HistoryManagerDelegate.swift */; };
		4663C5EF263B07D400C3A329 /* GeneratedModel.swift in Sources */ = {isa = PBXBuildFile; fileRef = 4663C5EE263B07D400C3A329 /* GeneratedModel.swift */; };
		46674869259A3FB200F85192 /* FavouriteTrasManagerDelegate.swift in Sources */ = {isa = PBXBuildFile; fileRef = 46674868259A3FB200F85192 /* FavouriteTrasManagerDelegate.swift */; };
		467C5CBC25D045F3004DBC86 /* PersistenceServis.swift in Sources */ = {isa = PBXBuildFile; fileRef = 467C5CBB25D045F3004DBC86 /* PersistenceServis.swift */; };
		467C5CCC25D04E7A004DBC86 /* CustomePinAnnotation.swift in Sources */ = {isa = PBXBuildFile; fileRef = 467C5CCB25D04E7A004DBC86 /* CustomePinAnnotation.swift */; };
		4683B0A2256C5D45007C9840 /* Responce.swift in Sources */ = {isa = PBXBuildFile; fileRef = 4683B0A1256C5D45007C9840 /* Responce.swift */; };
		468CC69B2637438700F779D8 /* StopFavouriteViewController.swift in Sources */ = {isa = PBXBuildFile; fileRef = 468CC69A2637438700F779D8 /* StopFavouriteViewController.swift */; };
		468CC6A02637439D00F779D8 /* Stop2FavouriteViewController.swift in Sources */ = {isa = PBXBuildFile; fileRef = 468CC69F2637439D00F779D8 /* Stop2FavouriteViewController.swift */; };
		468F129F25F7D3360077E0A9 /* StopTableViewController.swift in Sources */ = {isa = PBXBuildFile; fileRef = 468F129E25F7D3360077E0A9 /* StopTableViewController.swift */; };
		46A1179425E2B6B7002AB6EB /* StopResponce.swift in Sources */ = {isa = PBXBuildFile; fileRef = 46A1179325E2B6B7002AB6EB /* StopResponce.swift */; };
		46D3959825F400AF00C083A8 /* DetailSearchController.swift in Sources */ = {isa = PBXBuildFile; fileRef = 46D3959725F400AF00C083A8 /* DetailSearchController.swift */; };
		46FEF59525C72EB400D10519 /* SearchedTrasController.swift in Sources */ = {isa = PBXBuildFile; fileRef = 46FEF59425C72EB400D10519 /* SearchedTrasController.swift */; };
		704CF8727E519B9FC2FD1054 /* Pods_Rutio.framework in Frameworks */ = {isa = PBXBuildFile; fileRef = 9EDC1D3727C06A303AF063D6 /* Pods_Rutio.framework */; };
/* End PBXBuildFile section */

/* Begin PBXContainerItemProxy section */
		461E743925656AB6007240B4 /* PBXContainerItemProxy */ = {
			isa = PBXContainerItemProxy;
			containerPortal = 461E741725656AB1007240B4 /* Project object */;
			proxyType = 1;
			remoteGlobalIDString = 461E741E25656AB1007240B4;
			remoteInfo = Rutio;
		};
		461E744425656AB6007240B4 /* PBXContainerItemProxy */ = {
			isa = PBXContainerItemProxy;
			containerPortal = 461E741725656AB1007240B4 /* Project object */;
			proxyType = 1;
			remoteGlobalIDString = 461E741E25656AB1007240B4;
			remoteInfo = Rutio;
		};
/* End PBXContainerItemProxy section */

/* Begin PBXFileReference section */
		460EABF22583FCCA00D56D9D /* NewFavouriteController.swift */ = {isa = PBXFileReference; lastKnownFileType = sourcecode.swift; path = NewFavouriteController.swift; sourceTree = "<group>"; };
		4617FC5826B04ED000BDE21F /* HistoryViewCell.xib */ = {isa = PBXFileReference; lastKnownFileType = file.xib; path = HistoryViewCell.xib; sourceTree = "<group>"; };
		4617FC5B26B04FEB00BDE21F /* HistoryCell.swift */ = {isa = PBXFileReference; lastKnownFileType = sourcecode.swift; path = HistoryCell.swift; sourceTree = "<group>"; };
		4617FC5D26B056F300BDE21F /* Localizable.swift */ = {isa = PBXFileReference; lastKnownFileType = sourcecode.swift; path = Localizable.swift; sourceTree = "<group>"; };
		461E741F25656AB1007240B4 /* Rutio.app */ = {isa = PBXFileReference; explicitFileType = wrapper.application; includeInIndex = 0; path = Rutio.app; sourceTree = BUILT_PRODUCTS_DIR; };
		461E742225656AB1007240B4 /* AppDelegate.swift */ = {isa = PBXFileReference; lastKnownFileType = sourcecode.swift; path = AppDelegate.swift; sourceTree = "<group>"; };
		461E742425656AB1007240B4 /* SceneDelegate.swift */ = {isa = PBXFileReference; lastKnownFileType = sourcecode.swift; path = SceneDelegate.swift; sourceTree = "<group>"; };
		461E742625656AB1007240B4 /* ViewController.swift */ = {isa = PBXFileReference; lastKnownFileType = sourcecode.swift; path = ViewController.swift; sourceTree = "<group>"; };
		461E742925656AB1007240B4 /* Base */ = {isa = PBXFileReference; lastKnownFileType = file.storyboard; name = Base; path = Base.lproj/Main.storyboard; sourceTree = "<group>"; };
		461E742C25656AB1007240B4 /* Rutio.xcdatamodel */ = {isa = PBXFileReference; lastKnownFileType = wrapper.xcdatamodel; path = Rutio.xcdatamodel; sourceTree = "<group>"; };
		461E742E25656AB5007240B4 /* Assets.xcassets */ = {isa = PBXFileReference; lastKnownFileType = folder.assetcatalog; path = Assets.xcassets; sourceTree = "<group>"; };
		461E743125656AB5007240B4 /* Base */ = {isa = PBXFileReference; lastKnownFileType = file.storyboard; name = Base; path = Base.lproj/LaunchScreen.storyboard; sourceTree = "<group>"; };
		461E743325656AB5007240B4 /* Info.plist */ = {isa = PBXFileReference; lastKnownFileType = text.plist.xml; path = Info.plist; sourceTree = "<group>"; };
		461E743825656AB6007240B4 /* RutioTests.xctest */ = {isa = PBXFileReference; explicitFileType = wrapper.cfbundle; includeInIndex = 0; path = RutioTests.xctest; sourceTree = BUILT_PRODUCTS_DIR; };
		461E744325656AB6007240B4 /* RutioUITests.xctest */ = {isa = PBXFileReference; explicitFileType = wrapper.cfbundle; includeInIndex = 0; path = RutioUITests.xctest; sourceTree = BUILT_PRODUCTS_DIR; };
		461E74592565AE42007240B4 /* PlanningTrasController.swift */ = {isa = PBXFileReference; lastKnownFileType = sourcecode.swift; path = PlanningTrasController.swift; sourceTree = "<group>"; };
		461E74612565AE70007240B4 /* MapController.swift */ = {isa = PBXFileReference; lastKnownFileType = sourcecode.swift; path = MapController.swift; sourceTree = "<group>"; };
		461E74662565AEB4007240B4 /* FavouriteController.swift */ = {isa = PBXFileReference; lastKnownFileType = sourcecode.swift; path = FavouriteController.swift; sourceTree = "<group>"; };
		461E746E2565AEEE007240B4 /* InfoController.swift */ = {isa = PBXFileReference; lastKnownFileType = sourcecode.swift; path = InfoController.swift; sourceTree = "<group>"; };
		4625D200260B5A470048ED99 /* Stop2TableViewController.swift */ = {isa = PBXFileReference; lastKnownFileType = sourcecode.swift; path = Stop2TableViewController.swift; sourceTree = "<group>"; };
		4625D21D260E1CC80048ED99 /* SearchedMapPointViewController.swift */ = {isa = PBXFileReference; lastKnownFileType = sourcecode.swift; path = SearchedMapPointViewController.swift; sourceTree = "<group>"; };
		4625D23D261710DB0048ED99 /* SearchTableViewCell.swift */ = {isa = PBXFileReference; lastKnownFileType = sourcecode.swift; path = SearchTableViewCell.swift; sourceTree = "<group>"; };
		4625D25B2618F7D30048ED99 /* AnnotationView.swift */ = {isa = PBXFileReference; lastKnownFileType = sourcecode.swift; path = AnnotationView.swift; sourceTree = "<group>"; };
		4625D2602618F7EE0048ED99 /* ClusterAnnotationView.swift */ = {isa = PBXFileReference; lastKnownFileType = sourcecode.swift; path = ClusterAnnotationView.swift; sourceTree = "<group>"; };
		4625D265261900630048ED99 /* FavouriteTableViewCell.swift */ = {isa = PBXFileReference; lastKnownFileType = sourcecode.swift; path = FavouriteTableViewCell.swift; sourceTree = "<group>"; };
		463682CA260910AC00DF6373 /* cs */ = {isa = PBXFileReference; lastKnownFileType = text.plist.strings; name = cs; path = cs.lproj/Main.strings; sourceTree = "<group>"; };
		463682CB260910B600DF6373 /* hr */ = {isa = PBXFileReference; lastKnownFileType = text.plist.strings; name = hr; path = hr.lproj/Main.strings; sourceTree = "<group>"; };
		463682DB2609118D00DF6373 /* en */ = {isa = PBXFileReference; lastKnownFileType = text.plist.strings; name = en; path = en.lproj/Localize.strings; sourceTree = "<group>"; };
		463682E02609119300DF6373 /* hr */ = {isa = PBXFileReference; lastKnownFileType = text.plist.strings; name = hr; path = hr.lproj/Localize.strings; sourceTree = "<group>"; };
		463682E12609119400DF6373 /* cs */ = {isa = PBXFileReference; lastKnownFileType = text.plist.strings; name = cs; path = cs.lproj/Localize.strings; sourceTree = "<group>"; };
		463682E62609140C00DF6373 /* en */ = {isa = PBXFileReference; lastKnownFileType = text.plist.strings; name = en; path = en.lproj/Main.strings; sourceTree = "<group>"; };
		46388A432697039800CA32A4 /* SearchTableViewCellDetail.xib */ = {isa = PBXFileReference; lastKnownFileType = file.xib; name = SearchTableViewCellDetail.xib; path = xib/SearchTableViewCellDetail.xib; sourceTree = "<group>"; };
		46544C18259F8C8900F1AA19 /* DetailFavouriteController.swift */ = {isa = PBXFileReference; lastKnownFileType = sourcecode.swift; path = DetailFavouriteController.swift; sourceTree = "<group>"; };
		4661560C25CAFC430047E232 /* HistoryManagerDelegate.swift */ = {isa = PBXFileReference; lastKnownFileType = sourcecode.swift; path = HistoryManagerDelegate.swift; sourceTree = "<group>"; };
		4663C5EE263B07D400C3A329 /* GeneratedModel.swift */ = {isa = PBXFileReference; lastKnownFileType = sourcecode.swift; path = GeneratedModel.swift; sourceTree = "<group>"; };
		46674868259A3FB200F85192 /* FavouriteTrasManagerDelegate.swift */ = {isa = PBXFileReference; lastKnownFileType = sourcecode.swift; path = FavouriteTrasManagerDelegate.swift; sourceTree = "<group>"; };
		467C5CBB25D045F3004DBC86 /* PersistenceServis.swift */ = {isa = PBXFileReference; lastKnownFileType = sourcecode.swift; path = PersistenceServis.swift; sourceTree = "<group>"; };
		467C5CCB25D04E7A004DBC86 /* CustomePinAnnotation.swift */ = {isa = PBXFileReference; lastKnownFileType = sourcecode.swift; path = CustomePinAnnotation.swift; sourceTree = "<group>"; };
		4683B0A1256C5D45007C9840 /* Responce.swift */ = {isa = PBXFileReference; lastKnownFileType = sourcecode.swift; path = Responce.swift; sourceTree = "<group>"; };
		468CC69A2637438700F779D8 /* StopFavouriteViewController.swift */ = {isa = PBXFileReference; lastKnownFileType = sourcecode.swift; path = StopFavouriteViewController.swift; sourceTree = "<group>"; };
		468CC69F2637439D00F779D8 /* Stop2FavouriteViewController.swift */ = {isa = PBXFileReference; lastKnownFileType = sourcecode.swift; path = Stop2FavouriteViewController.swift; sourceTree = "<group>"; };
		468F129E25F7D3360077E0A9 /* StopTableViewController.swift */ = {isa = PBXFileReference; lastKnownFileType = sourcecode.swift; path = StopTableViewController.swift; sourceTree = "<group>"; };
		46A1179325E2B6B7002AB6EB /* StopResponce.swift */ = {isa = PBXFileReference; lastKnownFileType = sourcecode.swift; path = StopResponce.swift; sourceTree = "<group>"; };
		46D3959725F400AF00C083A8 /* DetailSearchController.swift */ = {isa = PBXFileReference; lastKnownFileType = sourcecode.swift; path = DetailSearchController.swift; sourceTree = "<group>"; };
		46FEF59425C72EB400D10519 /* SearchedTrasController.swift */ = {isa = PBXFileReference; lastKnownFileType = sourcecode.swift; path = SearchedTrasController.swift; sourceTree = "<group>"; };
		9EDC1D3727C06A303AF063D6 /* Pods_Rutio.framework */ = {isa = PBXFileReference; explicitFileType = wrapper.framework; includeInIndex = 0; path = Pods_Rutio.framework; sourceTree = BUILT_PRODUCTS_DIR; };
		A720FF51CE7491FC513D8624 /* Pods-Rutio.debug.xcconfig */ = {isa = PBXFileReference; includeInIndex = 1; lastKnownFileType = text.xcconfig; name = "Pods-Rutio.debug.xcconfig"; path = "Target Support Files/Pods-Rutio/Pods-Rutio.debug.xcconfig"; sourceTree = "<group>"; };
		AD0D4AAD3AD60A8876E6F11C /* Pods-Rutio.release.xcconfig */ = {isa = PBXFileReference; includeInIndex = 1; lastKnownFileType = text.xcconfig; name = "Pods-Rutio.release.xcconfig"; path = "Target Support Files/Pods-Rutio/Pods-Rutio.release.xcconfig"; sourceTree = "<group>"; };
/* End PBXFileReference section */

/* Begin PBXFrameworksBuildPhase section */
		461E741C25656AB1007240B4 /* Frameworks */ = {
			isa = PBXFrameworksBuildPhase;
			buildActionMask = 2147483647;
			files = (
				704CF8727E519B9FC2FD1054 /* Pods_Rutio.framework in Frameworks */,
			);
			runOnlyForDeploymentPostprocessing = 0;
		};
		461E743525656AB6007240B4 /* Frameworks */ = {
			isa = PBXFrameworksBuildPhase;
			buildActionMask = 2147483647;
			files = (
			);
			runOnlyForDeploymentPostprocessing = 0;
		};
		461E744025656AB6007240B4 /* Frameworks */ = {
			isa = PBXFrameworksBuildPhase;
			buildActionMask = 2147483647;
			files = (
			);
			runOnlyForDeploymentPostprocessing = 0;
		};
/* End PBXFrameworksBuildPhase section */

/* Begin PBXGroup section */
		4617FC5A26B04FD800BDE21F /* HistoryCell */ = {
			isa = PBXGroup;
			children = (
				4617FC5826B04ED000BDE21F /* HistoryViewCell.xib */,
				4617FC5B26B04FEB00BDE21F /* HistoryCell.swift */,
			);
			path = HistoryCell;
			sourceTree = "<group>";
		};
		461E741625656AB1007240B4 = {
			isa = PBXGroup;
			children = (
				461E742125656AB1007240B4 /* Rutio */,
				461E742025656AB1007240B4 /* Products */,
				6940FB35A4B724C62B4A12A3 /* Pods */,
				BEC8A3D7686AA848A99D26E7 /* Frameworks */,
			);
			sourceTree = "<group>";
		};
		461E742025656AB1007240B4 /* Products */ = {
			isa = PBXGroup;
			children = (
				461E741F25656AB1007240B4 /* Rutio.app */,
				461E743825656AB6007240B4 /* RutioTests.xctest */,
				461E744325656AB6007240B4 /* RutioUITests.xctest */,
			);
			name = Products;
			sourceTree = "<group>";
		};
		461E742125656AB1007240B4 /* Rutio */ = {
			isa = PBXGroup;
			children = (
				463682D42609116A00DF6373 /* Localizable */,
				46D395C225F6721200C083A8 /* ManagerDelegate */,
				4683B086256C59CA007C9840 /* Database */,
				461E74582565AE2B007240B4 /* Activity */,
				461E742225656AB1007240B4 /* AppDelegate.swift */,
				461E742425656AB1007240B4 /* SceneDelegate.swift */,
				461E742825656AB1007240B4 /* Main.storyboard */,
				461E742625656AB1007240B4 /* ViewController.swift */,
				461E742E25656AB5007240B4 /* Assets.xcassets */,
				461E743025656AB5007240B4 /* LaunchScreen.storyboard */,
				461E743325656AB5007240B4 /* Info.plist */,
				461E742B25656AB1007240B4 /* Rutio.xcdatamodeld */,
			);
			path = Rutio;
			sourceTree = "<group>";
		};
		461E74582565AE2B007240B4 /* Activity */ = {
			isa = PBXGroup;
			children = (
				46368300260A0D6F00DF6373 /* InfoList */,
				463682F9260A0D5D00DF6373 /* Map */,
				463682F2260A0CDB00DF6373 /* SearchedTras */,
				463682EB260A0CB700DF6373 /* FavouriteTras */,
				463682EA260A0C8F00DF6373 /* PlanningTras */,
			);
			path = Activity;
			sourceTree = "<group>";
		};
		463682D42609116A00DF6373 /* Localizable */ = {
			isa = PBXGroup;
			children = (
				463682DC2609118D00DF6373 /* Localize.strings */,
				4617FC5D26B056F300BDE21F /* Localizable.swift */,
			);
			path = Localizable;
			sourceTree = "<group>";
		};
		463682EA260A0C8F00DF6373 /* PlanningTras */ = {
			isa = PBXGroup;
			children = (
				4617FC5A26B04FD800BDE21F /* HistoryCell */,
				467C5CBB25D045F3004DBC86 /* PersistenceServis.swift */,
				461E74592565AE42007240B4 /* PlanningTrasController.swift */,
				468F129E25F7D3360077E0A9 /* StopTableViewController.swift */,
				4625D200260B5A470048ED99 /* Stop2TableViewController.swift */,
			);
			path = PlanningTras;
			sourceTree = "<group>";
		};
		463682EB260A0CB700DF6373 /* FavouriteTras */ = {
			isa = PBXGroup;
			children = (
				460EABF22583FCCA00D56D9D /* NewFavouriteController.swift */,
				461E74662565AEB4007240B4 /* FavouriteController.swift */,
				46544C18259F8C8900F1AA19 /* DetailFavouriteController.swift */,
				4625D265261900630048ED99 /* FavouriteTableViewCell.swift */,
				468CC69A2637438700F779D8 /* StopFavouriteViewController.swift */,
				468CC69F2637439D00F779D8 /* Stop2FavouriteViewController.swift */,
			);
			path = FavouriteTras;
			sourceTree = "<group>";
		};
		463682F2260A0CDB00DF6373 /* SearchedTras */ = {
			isa = PBXGroup;
			children = (
				46FEF59425C72EB400D10519 /* SearchedTrasController.swift */,
				46D3959725F400AF00C083A8 /* DetailSearchController.swift */,
				4625D21D260E1CC80048ED99 /* SearchedMapPointViewController.swift */,
				4625D23D261710DB0048ED99 /* SearchTableViewCell.swift */,
				46388A432697039800CA32A4 /* SearchTableViewCellDetail.xib */,
			);
			path = SearchedTras;
			sourceTree = "<group>";
		};
		463682F9260A0D5D00DF6373 /* Map */ = {
			isa = PBXGroup;
			children = (
				461E74612565AE70007240B4 /* MapController.swift */,
				467C5CCB25D04E7A004DBC86 /* CustomePinAnnotation.swift */,
				4625D25B2618F7D30048ED99 /* AnnotationView.swift */,
				4625D2602618F7EE0048ED99 /* ClusterAnnotationView.swift */,
			);
			path = Map;
			sourceTree = "<group>";
		};
		46368300260A0D6F00DF6373 /* InfoList */ = {
			isa = PBXGroup;
			children = (
				461E746E2565AEEE007240B4 /* InfoController.swift */,
			);
			path = InfoList;
			sourceTree = "<group>";
		};
		4683B086256C59CA007C9840 /* Database */ = {
			isa = PBXGroup;
			children = (
				4683B0A1256C5D45007C9840 /* Responce.swift */,
				46A1179325E2B6B7002AB6EB /* StopResponce.swift */,
				4663C5EE263B07D400C3A329 /* GeneratedModel.swift */,
			);
			path = Database;
			sourceTree = "<group>";
		};
		46D395C225F6721200C083A8 /* ManagerDelegate */ = {
			isa = PBXGroup;
			children = (
				4661560C25CAFC430047E232 /* HistoryManagerDelegate.swift */,
				46674868259A3FB200F85192 /* FavouriteTrasManagerDelegate.swift */,
			);
			path = ManagerDelegate;
			sourceTree = "<group>";
		};
		6940FB35A4B724C62B4A12A3 /* Pods */ = {
			isa = PBXGroup;
			children = (
				A720FF51CE7491FC513D8624 /* Pods-Rutio.debug.xcconfig */,
				AD0D4AAD3AD60A8876E6F11C /* Pods-Rutio.release.xcconfig */,
			);
			path = Pods;
			sourceTree = "<group>";
		};
		BEC8A3D7686AA848A99D26E7 /* Frameworks */ = {
			isa = PBXGroup;
			children = (
				9EDC1D3727C06A303AF063D6 /* Pods_Rutio.framework */,
			);
			name = Frameworks;
			sourceTree = "<group>";
		};
/* End PBXGroup section */

/* Begin PBXNativeTarget section */
		461E741E25656AB1007240B4 /* Rutio */ = {
			isa = PBXNativeTarget;
			buildConfigurationList = 461E744C25656AB6007240B4 /* Build configuration list for PBXNativeTarget "Rutio" */;
			buildPhases = (
				58B68E04BB4B12D841DE835A /* [CP] Check Pods Manifest.lock */,
				461E741B25656AB1007240B4 /* Sources */,
				461E741C25656AB1007240B4 /* Frameworks */,
				461E741D25656AB1007240B4 /* Resources */,
				B18F5DDA32819F99AA8C286D /* [CP] Embed Pods Frameworks */,
			);
			buildRules = (
			);
			dependencies = (
			);
			name = Rutio;
			productName = Rutio;
			productReference = 461E741F25656AB1007240B4 /* Rutio.app */;
			productType = "com.apple.product-type.application";
		};
		461E743725656AB6007240B4 /* RutioTests */ = {
			isa = PBXNativeTarget;
			buildConfigurationList = 461E744F25656AB6007240B4 /* Build configuration list for PBXNativeTarget "RutioTests" */;
			buildPhases = (
				461E743425656AB6007240B4 /* Sources */,
				461E743525656AB6007240B4 /* Frameworks */,
				461E743625656AB6007240B4 /* Resources */,
			);
			buildRules = (
			);
			dependencies = (
				461E743A25656AB6007240B4 /* PBXTargetDependency */,
			);
			name = RutioTests;
			productName = RutioTests;
			productReference = 461E743825656AB6007240B4 /* RutioTests.xctest */;
			productType = "com.apple.product-type.bundle.unit-test";
		};
		461E744225656AB6007240B4 /* RutioUITests */ = {
			isa = PBXNativeTarget;
			buildConfigurationList = 461E745225656AB6007240B4 /* Build configuration list for PBXNativeTarget "RutioUITests" */;
			buildPhases = (
				461E743F25656AB6007240B4 /* Sources */,
				461E744025656AB6007240B4 /* Frameworks */,
				461E744125656AB6007240B4 /* Resources */,
			);
			buildRules = (
			);
			dependencies = (
				461E744525656AB6007240B4 /* PBXTargetDependency */,
			);
			name = RutioUITests;
			productName = RutioUITests;
			productReference = 461E744325656AB6007240B4 /* RutioUITests.xctest */;
			productType = "com.apple.product-type.bundle.ui-testing";
		};
/* End PBXNativeTarget section */

/* Begin PBXProject section */
		461E741725656AB1007240B4 /* Project object */ = {
			isa = PBXProject;
			attributes = {
				LastSwiftUpdateCheck = 1220;
				LastUpgradeCheck = 1220;
				TargetAttributes = {
					461E741E25656AB1007240B4 = {
						CreatedOnToolsVersion = 12.2;
					};
					461E743725656AB6007240B4 = {
						CreatedOnToolsVersion = 12.2;
						TestTargetID = 461E741E25656AB1007240B4;
					};
					461E744225656AB6007240B4 = {
						CreatedOnToolsVersion = 12.2;
						TestTargetID = 461E741E25656AB1007240B4;
					};
				};
			};
			buildConfigurationList = 461E741A25656AB1007240B4 /* Build configuration list for PBXProject "Rutio" */;
			compatibilityVersion = "Xcode 9.3";
			developmentRegion = en;
			hasScannedForEncodings = 0;
			knownRegions = (
				en,
				Base,
				cs,
				hr,
			);
			mainGroup = 461E741625656AB1007240B4;
			productRefGroup = 461E742025656AB1007240B4 /* Products */;
			projectDirPath = "";
			projectRoot = "";
			targets = (
				461E741E25656AB1007240B4 /* Rutio */,
				461E743725656AB6007240B4 /* RutioTests */,
				461E744225656AB6007240B4 /* RutioUITests */,
			);
		};
/* End PBXProject section */

/* Begin PBXResourcesBuildPhase section */
		461E741D25656AB1007240B4 /* Resources */ = {
			isa = PBXResourcesBuildPhase;
			buildActionMask = 2147483647;
			files = (
				461E743225656AB5007240B4 /* LaunchScreen.storyboard in Resources */,
				461E742F25656AB5007240B4 /* Assets.xcassets in Resources */,
				461E742A25656AB1007240B4 /* Main.storyboard in Resources */,
				463682DA2609118D00DF6373 /* Localize.strings in Resources */,
				46388A442697039800CA32A4 /* SearchTableViewCellDetail.xib in Resources */,
				4617FC5926B04ED000BDE21F /* HistoryViewCell.xib in Resources */,
			);
			runOnlyForDeploymentPostprocessing = 0;
		};
		461E743625656AB6007240B4 /* Resources */ = {
			isa = PBXResourcesBuildPhase;
			buildActionMask = 2147483647;
			files = (
			);
			runOnlyForDeploymentPostprocessing = 0;
		};
		461E744125656AB6007240B4 /* Resources */ = {
			isa = PBXResourcesBuildPhase;
			buildActionMask = 2147483647;
			files = (
			);
			runOnlyForDeploymentPostprocessing = 0;
		};
/* End PBXResourcesBuildPhase section */

/* Begin PBXShellScriptBuildPhase section */
		58B68E04BB4B12D841DE835A /* [CP] Check Pods Manifest.lock */ = {
			isa = PBXShellScriptBuildPhase;
			buildActionMask = 2147483647;
			files = (
			);
			inputFileListPaths = (
			);
			inputPaths = (
				"${PODS_PODFILE_DIR_PATH}/Podfile.lock",
				"${PODS_ROOT}/Manifest.lock",
			);
			name = "[CP] Check Pods Manifest.lock";
			outputFileListPaths = (
			);
			outputPaths = (
				"$(DERIVED_FILE_DIR)/Pods-Rutio-checkManifestLockResult.txt",
			);
			runOnlyForDeploymentPostprocessing = 0;
			shellPath = /bin/sh;
			shellScript = "diff \"${PODS_PODFILE_DIR_PATH}/Podfile.lock\" \"${PODS_ROOT}/Manifest.lock\" > /dev/null\nif [ $? != 0 ] ; then\n    # print error to STDERR\n    echo \"error: The sandbox is not in sync with the Podfile.lock. Run 'pod install' or update your CocoaPods installation.\" >&2\n    exit 1\nfi\n# This output is used by Xcode 'outputs' to avoid re-running this script phase.\necho \"SUCCESS\" > \"${SCRIPT_OUTPUT_FILE_0}\"\n";
			showEnvVarsInLog = 0;
		};
		B18F5DDA32819F99AA8C286D /* [CP] Embed Pods Frameworks */ = {
			isa = PBXShellScriptBuildPhase;
			buildActionMask = 2147483647;
			files = (
			);
			inputFileListPaths = (
				"${PODS_ROOT}/Target Support Files/Pods-Rutio/Pods-Rutio-frameworks-${CONFIGURATION}-input-files.xcfilelist",
			);
			name = "[CP] Embed Pods Frameworks";
			outputFileListPaths = (
				"${PODS_ROOT}/Target Support Files/Pods-Rutio/Pods-Rutio-frameworks-${CONFIGURATION}-output-files.xcfilelist",
			);
			runOnlyForDeploymentPostprocessing = 0;
			shellPath = /bin/sh;
			shellScript = "\"${PODS_ROOT}/Target Support Files/Pods-Rutio/Pods-Rutio-frameworks.sh\"\n";
			showEnvVarsInLog = 0;
		};
/* End PBXShellScriptBuildPhase section */

/* Begin PBXSourcesBuildPhase section */
		461E741B25656AB1007240B4 /* Sources */ = {
			isa = PBXSourcesBuildPhase;
			buildActionMask = 2147483647;
			files = (
				461E742725656AB1007240B4 /* ViewController.swift in Sources */,
				468F129F25F7D3360077E0A9 /* StopTableViewController.swift in Sources */,
				461E742D25656AB1007240B4 /* Rutio.xcdatamodeld in Sources */,
				461E745A2565AE42007240B4 /* PlanningTrasController.swift in Sources */,
				461E742325656AB1007240B4 /* AppDelegate.swift in Sources */,
				4663C5EF263B07D400C3A329 /* GeneratedModel.swift in Sources */,
				4625D21E260E1CC90048ED99 /* SearchedMapPointViewController.swift in Sources */,
				4625D201260B5A470048ED99 /* Stop2TableViewController.swift in Sources */,
				461E74672565AEB4007240B4 /* FavouriteController.swift in Sources */,
				4625D23E261710DB0048ED99 /* SearchTableViewCell.swift in Sources */,
				461E74622565AE70007240B4 /* MapController.swift in Sources */,
				46674869259A3FB200F85192 /* FavouriteTrasManagerDelegate.swift in Sources */,
				467C5CCC25D04E7A004DBC86 /* CustomePinAnnotation.swift in Sources */,
				4625D2612618F7EE0048ED99 /* ClusterAnnotationView.swift in Sources */,
				46544C19259F8C8900F1AA19 /* DetailFavouriteController.swift in Sources */,
				4625D25C2618F7D40048ED99 /* AnnotationView.swift in Sources */,
				46FEF59525C72EB400D10519 /* SearchedTrasController.swift in Sources */,
				467C5CBC25D045F3004DBC86 /* PersistenceServis.swift in Sources */,
				461E742525656AB1007240B4 /* SceneDelegate.swift in Sources */,
				46D3959825F400AF00C083A8 /* DetailSearchController.swift in Sources */,
				46A1179425E2B6B7002AB6EB /* StopResponce.swift in Sources */,
				468CC6A02637439D00F779D8 /* Stop2FavouriteViewController.swift in Sources */,
				4617FC5E26B056F300BDE21F /* Localizable.swift in Sources */,
				461E746F2565AEEE007240B4 /* InfoController.swift in Sources */,
				4617FC5C26B04FEB00BDE21F /* HistoryCell.swift in Sources */,
				460EABF32583FCCA00D56D9D /* NewFavouriteController.swift in Sources */,
				4625D266261900630048ED99 /* FavouriteTableViewCell.swift in Sources */,
				468CC69B2637438700F779D8 /* StopFavouriteViewController.swift in Sources */,
				4683B0A2256C5D45007C9840 /* Responce.swift in Sources */,
				4661560D25CAFC430047E232 /* HistoryManagerDelegate.swift in Sources */,
			);
			runOnlyForDeploymentPostprocessing = 0;
		};
		461E743425656AB6007240B4 /* Sources */ = {
			isa = PBXSourcesBuildPhase;
			buildActionMask = 2147483647;
			files = (
			);
			runOnlyForDeploymentPostprocessing = 0;
		};
		461E743F25656AB6007240B4 /* Sources */ = {
			isa = PBXSourcesBuildPhase;
			buildActionMask = 2147483647;
			files = (
			);
			runOnlyForDeploymentPostprocessing = 0;
		};
/* End PBXSourcesBuildPhase section */

/* Begin PBXTargetDependency section */
		461E743A25656AB6007240B4 /* PBXTargetDependency */ = {
			isa = PBXTargetDependency;
			target = 461E741E25656AB1007240B4 /* Rutio */;
			targetProxy = 461E743925656AB6007240B4 /* PBXContainerItemProxy */;
		};
		461E744525656AB6007240B4 /* PBXTargetDependency */ = {
			isa = PBXTargetDependency;
			target = 461E741E25656AB1007240B4 /* Rutio */;
			targetProxy = 461E744425656AB6007240B4 /* PBXContainerItemProxy */;
		};
/* End PBXTargetDependency section */

/* Begin PBXVariantGroup section */
		461E742825656AB1007240B4 /* Main.storyboard */ = {
			isa = PBXVariantGroup;
			children = (
				461E742925656AB1007240B4 /* Base */,
				463682CA260910AC00DF6373 /* cs */,
				463682CB260910B600DF6373 /* hr */,
				463682E62609140C00DF6373 /* en */,
			);
			name = Main.storyboard;
			sourceTree = "<group>";
		};
		461E743025656AB5007240B4 /* LaunchScreen.storyboard */ = {
			isa = PBXVariantGroup;
			children = (
				461E743125656AB5007240B4 /* Base */,
			);
			name = LaunchScreen.storyboard;
			sourceTree = "<group>";
		};
		463682DC2609118D00DF6373 /* Localize.strings */ = {
			isa = PBXVariantGroup;
			children = (
				463682DB2609118D00DF6373 /* en */,
				463682E02609119300DF6373 /* hr */,
				463682E12609119400DF6373 /* cs */,
			);
			name = Localize.strings;
			sourceTree = "<group>";
		};
/* End PBXVariantGroup section */

/* Begin XCBuildConfiguration section */
		461E744A25656AB6007240B4 /* Debug */ = {
			isa = XCBuildConfiguration;
			buildSettings = {
				ALWAYS_SEARCH_USER_PATHS = NO;
				CLANG_ANALYZER_LOCALIZABILITY_NONLOCALIZED = YES;
				CLANG_ANALYZER_NONNULL = YES;
				CLANG_ANALYZER_NUMBER_OBJECT_CONVERSION = YES_AGGRESSIVE;
				CLANG_CXX_LANGUAGE_STANDARD = "gnu++14";
				CLANG_CXX_LIBRARY = "libc++";
				CLANG_ENABLE_MODULES = YES;
				CLANG_ENABLE_OBJC_ARC = YES;
				CLANG_ENABLE_OBJC_WEAK = YES;
				CLANG_WARN_BLOCK_CAPTURE_AUTORELEASING = YES;
				CLANG_WARN_BOOL_CONVERSION = YES;
				CLANG_WARN_COMMA = YES;
				CLANG_WARN_CONSTANT_CONVERSION = YES;
				CLANG_WARN_DEPRECATED_OBJC_IMPLEMENTATIONS = YES;
				CLANG_WARN_DIRECT_OBJC_ISA_USAGE = YES_ERROR;
				CLANG_WARN_DOCUMENTATION_COMMENTS = YES;
				CLANG_WARN_EMPTY_BODY = YES;
				CLANG_WARN_ENUM_CONVERSION = YES;
				CLANG_WARN_INFINITE_RECURSION = YES;
				CLANG_WARN_INT_CONVERSION = YES;
				CLANG_WARN_NON_LITERAL_NULL_CONVERSION = YES;
				CLANG_WARN_OBJC_IMPLICIT_RETAIN_SELF = YES;
				CLANG_WARN_OBJC_LITERAL_CONVERSION = YES;
				CLANG_WARN_OBJC_ROOT_CLASS = YES_ERROR;
				CLANG_WARN_QUOTED_INCLUDE_IN_FRAMEWORK_HEADER = YES;
				CLANG_WARN_RANGE_LOOP_ANALYSIS = YES;
				CLANG_WARN_STRICT_PROTOTYPES = YES;
				CLANG_WARN_SUSPICIOUS_MOVE = YES;
				CLANG_WARN_UNGUARDED_AVAILABILITY = YES_AGGRESSIVE;
				CLANG_WARN_UNREACHABLE_CODE = YES;
				CLANG_WARN__DUPLICATE_METHOD_MATCH = YES;
				COPY_PHASE_STRIP = NO;
				DEBUG_INFORMATION_FORMAT = dwarf;
				ENABLE_STRICT_OBJC_MSGSEND = YES;
				ENABLE_TESTABILITY = YES;
				GCC_C_LANGUAGE_STANDARD = gnu11;
				GCC_DYNAMIC_NO_PIC = NO;
				GCC_NO_COMMON_BLOCKS = YES;
				GCC_OPTIMIZATION_LEVEL = 0;
				GCC_PREPROCESSOR_DEFINITIONS = (
					"DEBUG=1",
					"$(inherited)",
				);
				GCC_WARN_64_TO_32_BIT_CONVERSION = YES;
				GCC_WARN_ABOUT_RETURN_TYPE = YES_ERROR;
				GCC_WARN_UNDECLARED_SELECTOR = YES;
				GCC_WARN_UNINITIALIZED_AUTOS = YES_AGGRESSIVE;
				GCC_WARN_UNUSED_FUNCTION = YES;
				GCC_WARN_UNUSED_VARIABLE = YES;
				IPHONEOS_DEPLOYMENT_TARGET = 14.2;
				MTL_ENABLE_DEBUG_INFO = INCLUDE_SOURCE;
				MTL_FAST_MATH = YES;
				ONLY_ACTIVE_ARCH = YES;
				SDKROOT = iphoneos;
				SWIFT_ACTIVE_COMPILATION_CONDITIONS = DEBUG;
				SWIFT_OPTIMIZATION_LEVEL = "-Onone";
			};
			name = Debug;
		};
		461E744B25656AB6007240B4 /* Release */ = {
			isa = XCBuildConfiguration;
			buildSettings = {
				ALWAYS_SEARCH_USER_PATHS = NO;
				CLANG_ANALYZER_LOCALIZABILITY_NONLOCALIZED = YES;
				CLANG_ANALYZER_NONNULL = YES;
				CLANG_ANALYZER_NUMBER_OBJECT_CONVERSION = YES_AGGRESSIVE;
				CLANG_CXX_LANGUAGE_STANDARD = "gnu++14";
				CLANG_CXX_LIBRARY = "libc++";
				CLANG_ENABLE_MODULES = YES;
				CLANG_ENABLE_OBJC_ARC = YES;
				CLANG_ENABLE_OBJC_WEAK = YES;
				CLANG_WARN_BLOCK_CAPTURE_AUTORELEASING = YES;
				CLANG_WARN_BOOL_CONVERSION = YES;
				CLANG_WARN_COMMA = YES;
				CLANG_WARN_CONSTANT_CONVERSION = YES;
				CLANG_WARN_DEPRECATED_OBJC_IMPLEMENTATIONS = YES;
				CLANG_WARN_DIRECT_OBJC_ISA_USAGE = YES_ERROR;
				CLANG_WARN_DOCUMENTATION_COMMENTS = YES;
				CLANG_WARN_EMPTY_BODY = YES;
				CLANG_WARN_ENUM_CONVERSION = YES;
				CLANG_WARN_INFINITE_RECURSION = YES;
				CLANG_WARN_INT_CONVERSION = YES;
				CLANG_WARN_NON_LITERAL_NULL_CONVERSION = YES;
				CLANG_WARN_OBJC_IMPLICIT_RETAIN_SELF = YES;
				CLANG_WARN_OBJC_LITERAL_CONVERSION = YES;
				CLANG_WARN_OBJC_ROOT_CLASS = YES_ERROR;
				CLANG_WARN_QUOTED_INCLUDE_IN_FRAMEWORK_HEADER = YES;
				CLANG_WARN_RANGE_LOOP_ANALYSIS = YES;
				CLANG_WARN_STRICT_PROTOTYPES = YES;
				CLANG_WARN_SUSPICIOUS_MOVE = YES;
				CLANG_WARN_UNGUARDED_AVAILABILITY = YES_AGGRESSIVE;
				CLANG_WARN_UNREACHABLE_CODE = YES;
				CLANG_WARN__DUPLICATE_METHOD_MATCH = YES;
				COPY_PHASE_STRIP = NO;
				DEBUG_INFORMATION_FORMAT = "dwarf-with-dsym";
				ENABLE_NS_ASSERTIONS = NO;
				ENABLE_STRICT_OBJC_MSGSEND = YES;
				GCC_C_LANGUAGE_STANDARD = gnu11;
				GCC_NO_COMMON_BLOCKS = YES;
				GCC_WARN_64_TO_32_BIT_CONVERSION = YES;
				GCC_WARN_ABOUT_RETURN_TYPE = YES_ERROR;
				GCC_WARN_UNDECLARED_SELECTOR = YES;
				GCC_WARN_UNINITIALIZED_AUTOS = YES_AGGRESSIVE;
				GCC_WARN_UNUSED_FUNCTION = YES;
				GCC_WARN_UNUSED_VARIABLE = YES;
				IPHONEOS_DEPLOYMENT_TARGET = 14.2;
				MTL_ENABLE_DEBUG_INFO = NO;
				MTL_FAST_MATH = YES;
				SDKROOT = iphoneos;
				SWIFT_COMPILATION_MODE = wholemodule;
				SWIFT_OPTIMIZATION_LEVEL = "-O";
				VALIDATE_PRODUCT = YES;
			};
			name = Release;
		};
		461E744D25656AB6007240B4 /* Debug */ = {
			isa = XCBuildConfiguration;
			baseConfigurationReference = A720FF51CE7491FC513D8624 /* Pods-Rutio.debug.xcconfig */;
			buildSettings = {
				ASSETCATALOG_COMPILER_APPICON_NAME = AppIcon;
				ASSETCATALOG_COMPILER_GLOBAL_ACCENT_COLOR_NAME = AccentColor;
				CODE_SIGN_STYLE = Automatic;
				INFOPLIST_FILE = Rutio/Info.plist;
				LD_RUNPATH_SEARCH_PATHS = (
					"$(inherited)",
					"@executable_path/Frameworks",
				);
				PRODUCT_BUNDLE_IDENTIFIER = SeeJay.Rutio;
				PRODUCT_NAME = "$(TARGET_NAME)";
				SWIFT_VERSION = 5.0;
				TARGETED_DEVICE_FAMILY = "1,2";
			};
			name = Debug;
		};
		461E744E25656AB6007240B4 /* Release */ = {
			isa = XCBuildConfiguration;
			baseConfigurationReference = AD0D4AAD3AD60A8876E6F11C /* Pods-Rutio.release.xcconfig */;
			buildSettings = {
				ASSETCATALOG_COMPILER_APPICON_NAME = AppIcon;
				ASSETCATALOG_COMPILER_GLOBAL_ACCENT_COLOR_NAME = AccentColor;
				CODE_SIGN_STYLE = Automatic;
				INFOPLIST_FILE = Rutio/Info.plist;
				LD_RUNPATH_SEARCH_PATHS = (
					"$(inherited)",
					"@executable_path/Frameworks",
				);
				PRODUCT_BUNDLE_IDENTIFIER = SeeJay.Rutio;
				PRODUCT_NAME = "$(TARGET_NAME)";
				SWIFT_VERSION = 5.0;
				TARGETED_DEVICE_FAMILY = "1,2";
			};
			name = Release;
		};
		461E745025656AB6007240B4 /* Debug */ = {
			isa = XCBuildConfiguration;
			buildSettings = {
				ALWAYS_EMBED_SWIFT_STANDARD_LIBRARIES = YES;
				BUNDLE_LOADER = "$(TEST_HOST)";
				CODE_SIGN_STYLE = Automatic;
				INFOPLIST_FILE = RutioTests/Info.plist;
				IPHONEOS_DEPLOYMENT_TARGET = 14.2;
				LD_RUNPATH_SEARCH_PATHS = (
					"$(inherited)",
					"@executable_path/Frameworks",
					"@loader_path/Frameworks",
				);
				PRODUCT_BUNDLE_IDENTIFIER = SeeJay.RutioTests;
				PRODUCT_NAME = "$(TARGET_NAME)";
				SWIFT_VERSION = 5.0;
				TARGETED_DEVICE_FAMILY = "1,2";
				TEST_HOST = "$(BUILT_PRODUCTS_DIR)/Rutio.app/Rutio";
			};
			name = Debug;
		};
		461E745125656AB6007240B4 /* Release */ = {
			isa = XCBuildConfiguration;
			buildSettings = {
				ALWAYS_EMBED_SWIFT_STANDARD_LIBRARIES = YES;
				BUNDLE_LOADER = "$(TEST_HOST)";
				CODE_SIGN_STYLE = Automatic;
				INFOPLIST_FILE = RutioTests/Info.plist;
				IPHONEOS_DEPLOYMENT_TARGET = 14.2;
				LD_RUNPATH_SEARCH_PATHS = (
					"$(inherited)",
					"@executable_path/Frameworks",
					"@loader_path/Frameworks",
				);
				PRODUCT_BUNDLE_IDENTIFIER = SeeJay.RutioTests;
				PRODUCT_NAME = "$(TARGET_NAME)";
				SWIFT_VERSION = 5.0;
				TARGETED_DEVICE_FAMILY = "1,2";
				TEST_HOST = "$(BUILT_PRODUCTS_DIR)/Rutio.app/Rutio";
			};
			name = Release;
		};
		461E745325656AB6007240B4 /* Debug */ = {
			isa = XCBuildConfiguration;
			buildSettings = {
				ALWAYS_EMBED_SWIFT_STANDARD_LIBRARIES = YES;
				CODE_SIGN_STYLE = Automatic;
				INFOPLIST_FILE = RutioUITests/Info.plist;
				LD_RUNPATH_SEARCH_PATHS = (
					"$(inherited)",
					"@executable_path/Frameworks",
					"@loader_path/Frameworks",
				);
				PRODUCT_BUNDLE_IDENTIFIER = SeeJay.RutioUITests;
				PRODUCT_NAME = "$(TARGET_NAME)";
				SWIFT_VERSION = 5.0;
				TARGETED_DEVICE_FAMILY = "1,2";
				TEST_TARGET_NAME = Rutio;
			};
			name = Debug;
		};
		461E745425656AB6007240B4 /* Release */ = {
			isa = XCBuildConfiguration;
			buildSettings = {
				ALWAYS_EMBED_SWIFT_STANDARD_LIBRARIES = YES;
				CODE_SIGN_STYLE = Automatic;
				INFOPLIST_FILE = RutioUITests/Info.plist;
				LD_RUNPATH_SEARCH_PATHS = (
					"$(inherited)",
					"@executable_path/Frameworks",
					"@loader_path/Frameworks",
				);
				PRODUCT_BUNDLE_IDENTIFIER = SeeJay.RutioUITests;
				PRODUCT_NAME = "$(TARGET_NAME)";
				SWIFT_VERSION = 5.0;
				TARGETED_DEVICE_FAMILY = "1,2";
				TEST_TARGET_NAME = Rutio;
			};
			name = Release;
		};
/* End XCBuildConfiguration section */

/* Begin XCConfigurationList section */
		461E741A25656AB1007240B4 /* Build configuration list for PBXProject "Rutio" */ = {
			isa = XCConfigurationList;
			buildConfigurations = (
				461E744A25656AB6007240B4 /* Debug */,
				461E744B25656AB6007240B4 /* Release */,
			);
			defaultConfigurationIsVisible = 0;
			defaultConfigurationName = Release;
		};
		461E744C25656AB6007240B4 /* Build configuration list for PBXNativeTarget "Rutio" */ = {
			isa = XCConfigurationList;
			buildConfigurations = (
				461E744D25656AB6007240B4 /* Debug */,
				461E744E25656AB6007240B4 /* Release */,
			);
			defaultConfigurationIsVisible = 0;
			defaultConfigurationName = Release;
		};
		461E744F25656AB6007240B4 /* Build configuration list for PBXNativeTarget "RutioTests" */ = {
			isa = XCConfigurationList;
			buildConfigurations = (
				461E745025656AB6007240B4 /* Debug */,
				461E745125656AB6007240B4 /* Release */,
			);
			defaultConfigurationIsVisible = 0;
			defaultConfigurationName = Release;
		};
		461E745225656AB6007240B4 /* Build configuration list for PBXNativeTarget "RutioUITests" */ = {
			isa = XCConfigurationList;
			buildConfigurations = (
				461E745325656AB6007240B4 /* Debug */,
				461E745425656AB6007240B4 /* Release */,
			);
			defaultConfigurationIsVisible = 0;
			defaultConfigurationName = Release;
		};
/* End XCConfigurationList section */

/* Begin XCVersionGroup section */
		461E742B25656AB1007240B4 /* Rutio.xcdatamodeld */ = {
			isa = XCVersionGroup;
			children = (
				461E742C25656AB1007240B4 /* Rutio.xcdatamodel */,
			);
			currentVersion = 461E742C25656AB1007240B4 /* Rutio.xcdatamodel */;
			path = Rutio.xcdatamodeld;
			sourceTree = "<group>";
			versionGroupType = wrapper.xcdatamodel;
		};
/* End XCVersionGroup section */
	};
	rootObject = 461E741725656AB1007240B4 /* Project object */;
}
